
Microsoft Visual Studio Solution File, Format Version 12.00
# Visual Studio 15
VisualStudioVersion = 15.0.27004.2008
MinimumVisualStudioVersion = 10.0.40219.1
Project("{FAE04EC0-301F-11D3-BF4B-00C04F79EFBC}") = "BlackWaspCustomCommandsDemo", "BlackWaspCustomCommandsDemo\BlackWaspCustomCommandsDemo.csproj", "{AEFAFAA1-C5ED-446D-9932-F4C0AEAB8424}"
EndProject
Global
	GlobalSection(SolutionConfigurationPlatforms) = preSolution
		Debug|Any CPU = Debug|Any CPU
		Release|Any CPU = Release|Any CPU
	EndGlobalSection
	GlobalSection(ProjectConfigurationPlatforms) = postSolution
		{AEFAFAA1-C5ED-446D-9932-F4C0AEAB8424}.Debug|Any CPU.ActiveCfg = Debug|Any CPU
		{AEFAFAA1-C5ED-446D-9932-F4C0AEAB8424}.Debug|Any CPU.Build.0 = Debug|Any CPU
		{AEFAFAA1-C5ED-446D-9932-F4C0AEAB8424}.Release|Any CPU.ActiveCfg = Release|Any CPU
		{AEFAFAA1-C5ED-446D-9932-F4C0AEAB8424}.Release|Any CPU.Build.0 = Release|Any CPU
	EndGlobalSection
	GlobalSection(SolutionProperties) = preSolution
		HideSolutionNode = FALSE
	EndGlobalSection
	GlobalSection(ExtensibilityGlobals) = postSolution
		SolutionGuid = {CFFF9B4F-9345-4C20-AAE6-AF0959A41D0A}
	EndGlobalSection
EndGlobal
